// !$*UTF8*$!
{
	archiveVersion = 1;
	classes = {
	};
	objectVersion = 77;
	objects = {

/* Begin PBXBuildFile section */
		A2080E022F544F170064DD66 /* feature-budgets.md in Resources */ = {isa = PBXBuildFile; fileRef = A2080DF62F544F170064DD66 /* feature-budgets.md */; };
		A2080E032F544F170064DD66 /* proposal.md in Resources */ = {isa = PBXBuildFile; fileRef = A2080D682F544F170064DD66 /* proposal.md */; };
		A2080E042F544F170064DD66 /* spec.md in Resources */ = {isa = PBXBuildFile; fileRef = A2080DC52F544F170064DD66 /* spec.md */; };
		A2080E052F544F170064DD66 /* feature-accounts.md in Resources */ = {isa = PBXBuildFile; fileRef = A2080DF52F544F170064DD66 /* feature-accounts.md */; };
		A2080E062F544F170064DD66 /* .openspec.yaml in Resources */ = {isa = PBXBuildFile; fileRef = A2080DAE2F544F170064DD66 /* .openspec.yaml */; };
		A2080E072F544F170064DD66 /* spec.md in Resources */ = {isa = PBXBuildFile; fileRef = A2080DCF2F544F170064DD66 /* spec.md */; };
		A2080E082F544F170064DD66 /* screen-analysis.md in Resources */ = {isa = PBXBuildFile; fileRef = A2080DFA2F544F170064DD66 /* screen-analysis.md */; };
		A2080E092F544F170064DD66 /* spec.md in Resources */ = {isa = PBXBuildFile; fileRef = A2080D912F544F170064DD66 /* spec.md */; };
		A2080E0A2F544F170064DD66 /* tasks.md in Resources */ = {isa = PBXBuildFile; fileRef = A2080DCB2F544F170064DD66 /* tasks.md */; };
		A2080E0B2F544F170064DD66 /* spec.md in Resources */ = {isa = PBXBuildFile; fileRef = A2080D9D2F544F170064DD66 /* spec.md */; };
		A2080E0C2F544F170064DD66 /* tasks.md in Resources */ = {isa = PBXBuildFile; fileRef = A2080D562F544F170064DD66 /* tasks.md */; };
		A2080E0D2F544F170064DD66 /* design.md in Resources */ = {isa = PBXBuildFile; fileRef = A2080DA52F544F170064DD66 /* design.md */; };
		A2080E0E2F544F170064DD66 /* proposal.md in Resources */ = {isa = PBXBuildFile; fileRef = A2080D982F544F170064DD66 /* proposal.md */; };
		A2080E0F2F544F170064DD66 /* design.md in Resources */ = {isa = PBXBuildFile; fileRef = A2080DE42F544F170064DD66 /* design.md */; };
		A2080E102F544F170064DD66 /* spec.md in Resources */ = {isa = PBXBuildFile; fileRef = A2080DD12F544F170064DD66 /* spec.md */; };
		A2080E112F544F170064DD66 /* spec.md in Resources */ = {isa = PBXBuildFile; fileRef = A2080D582F544F170064DD66 /* spec.md */; };
		A2080E122F544F170064DD66 /* design-system.md in Resources */ = {isa = PBXBuildFile; fileRef = A2080DF02F544F170064DD66 /* design-system.md */; };
		A2080E132F544F170064DD66 /* .openspec.yaml in Resources */ = {isa = PBXBuildFile; fileRef = A2080D962F544F170064DD66 /* .openspec.yaml */; };
		A2080E142F544F170064DD66 /* proposal.md in Resources */ = {isa = PBXBuildFile; fileRef = A2080DD82F544F170064DD66 /* proposal.md */; };
		A2080E152F544F170064DD66 /* design.md in Resources */ = {isa = PBXBuildFile; fileRef = A2080DD72F544F170064DD66 /* design.md */; };
		A2080E162F544F170064DD66 /* proposal.md in Resources */ = {isa = PBXBuildFile; fileRef = A2080DC22F544F170064DD66 /* proposal.md */; };
		A2080E172F544F170064DD66 /* spec.md in Resources */ = {isa = PBXBuildFile; fileRef = A2080D852F544F170064DD66 /* spec.md */; };
		A2080E182F544F170064DD66 /* proposal.md in Resources */ = {isa = PBXBuildFile; fileRef = A2080DA62F544F170064DD66 /* proposal.md */; };
		A2080E192F544F170064DD66 /* proposal.md in Resources */ = {isa = PBXBuildFile; fileRef = A2080DBA2F544F170064DD66 /* proposal.md */; };
		A2080E1A2F544F170064DD66 /* spec.md in Resources */ = {isa = PBXBuildFile; fileRef = A2080D9B2F544F170064DD66 /* spec.md */; };
		A2080E1B2F544F170064DD66 /* tasks.md in Resources */ = {isa = PBXBuildFile; fileRef = A2080D8B2F544F170064DD66 /* tasks.md */; };
		A2080E1C2F544F170064DD66 /* spec.md in Resources */ = {isa = PBXBuildFile; fileRef = A2080D5F2F544F170064DD66 /* spec.md */; };
		A2080E1D2F544F170064DD66 /* tasks.md in Resources */ = {isa = PBXBuildFile; fileRef = A2080D992F544F170064DD66 /* tasks.md */; };
		A2080E1E2F544F170064DD66 /* architecture-blueprint.md in Resources */ = {isa = PBXBuildFile; fileRef = A2080DED2F544F170064DD66 /* architecture-blueprint.md */; };
		A2080E1F2F544F170064DD66 /* .openspec.yaml in Resources */ = {isa = PBXBuildFile; fileRef = A2080D702F544F170064DD66 /* .openspec.yaml */; };
		A2080E202F544F170064DD66 /* tasks.md in Resources */ = {isa = PBXBuildFile; fileRef = A2080D812F544F170064DD66 /* tasks.md */; };
		A2080E212F544F170064DD66 /* .openspec.yaml in Resources */ = {isa = PBXBuildFile; fileRef = A2080DC82F544F170064DD66 /* .openspec.yaml */; };
		A2080E222F544F170064DD66 /* design-audit.md in Resources */ = {isa = PBXBuildFile; fileRef = A2080DEF2F544F170064DD66 /* design-audit.md */; };
		A2080E232F544F170064DD66 /* ai-integration.md in Resources */ = {isa = PBXBuildFile; fileRef = A2080DEB2F544F170064DD66 /* ai-integration.md */; };
		A2080E242F544F170064DD66 /* design.md in Resources */ = {isa = PBXBuildFile; fileRef = A2080D672F544F170064DD66 /* design.md */; };
		A2080E252F544F170064DD66 /* spec.md in Resources */ = {isa = PBXBuildFile; fileRef = A2080D632F544F170064DD66 /* spec.md */; };
		A2080E262F544F170064DD66 /* proposal.md in Resources */ = {isa = PBXBuildFile; fileRef = A2080D802F544F170064DD66 /* proposal.md */; };
		A2080E272F544F170064DD66 /* .openspec.yaml in Resources */ = {isa = PBXBuildFile; fileRef = A2080D662F544F170064DD66 /* .openspec.yaml */; };
		A2080E282F544F170064DD66 /* proposal.md in Resources */ = {isa = PBXBuildFile; fileRef = A2080D5C2F544F170064DD66 /* proposal.md */; };
		A2080E292F544F170064DD66 /* tasks.md in Resources */ = {isa = PBXBuildFile; fileRef = A2080DC32F544F170064DD66 /* tasks.md */; };
		A2080E2A2F544F170064DD66 /* .openspec.yaml in Resources */ = {isa = PBXBuildFile; fileRef = A2080DA42F544F170064DD66 /* .openspec.yaml */; };
		A2080E2B2F544F170064DD66 /* design.md in Resources */ = {isa = PBXBuildFile; fileRef = A2080D892F544F170064DD66 /* design.md */; };
		A2080E2C2F544F170064DD66 /* tasks.md in Resources */ = {isa = PBXBuildFile; fileRef = A2080D7A2F544F170064DD66 /* tasks.md */; };
		A2080E2D2F544F170064DD66 /* spec.md in Resources */ = {isa = PBXBuildFile; fileRef = A2080D8F2F544F170064DD66 /* spec.md */; };
		A2080E2E2F544F170064DD66 /* tasks.md in Resources */ = {isa = PBXBuildFile; fileRef = A2080DA72F544F170064DD66 /* tasks.md */; };
		A2080E2F2F544F170064DD66 /* design.md in Resources */ = {isa = PBXBuildFile; fileRef = A2080D542F544F170064DD66 /* design.md */; };
		A2080E302F544F170064DD66 /* spec.md in Resources */ = {isa = PBXBuildFile; fileRef = A2080DA92F544F170064DD66 /* spec.md */; };
		A2080E312F544F170064DD66 /* spec.md in Resources */ = {isa = PBXBuildFile; fileRef = A2080D8D2F544F170064DD66 /* spec.md */; };
		A2080E322F544F170064DD66 /* .openspec.yaml in Resources */ = {isa = PBXBuildFile; fileRef = A2080DE32F544F170064DD66 /* .openspec.yaml */; };
		A2080E332F544F170064DD66 /* spec.md in Resources */ = {isa = PBXBuildFile; fileRef = A2080DDE2F544F170064DD66 /* spec.md */; };
		A2080E342F544F170064DD66 /* spec.md in Resources */ = {isa = PBXBuildFile; fileRef = A2080DB52F544F170064DD66 /* spec.md */; };
		A2080E352F544F170064DD66 /* tasks.md in Resources */ = {isa = PBXBuildFile; fileRef = A2080DB12F544F170064DD66 /* tasks.md */; };
		A2080E362F544F170064DD66 /* default-data-seeding.md in Resources */ = {isa = PBXBuildFile; fileRef = A2080DEE2F544F170064DD66 /* default-data-seeding.md */; };
		A2080E372F544F170064DD66 /* spec.md in Resources */ = {isa = PBXBuildFile; fileRef = A2080D482F544F170064DD66 /* spec.md */; };
		A2080E382F544F170064DD66 /* spec.md in Resources */ = {isa = PBXBuildFile; fileRef = A2080D6D2F544F170064DD66 /* spec.md */; };
		A2080E392F544F170064DD66 /* design.md in Resources */ = {isa = PBXBuildFile; fileRef = A2080DAF2F544F170064DD66 /* design.md */; };
		A2080E3A2F544F170064DD66 /* tasks.md in Resources */ = {isa = PBXBuildFile; fileRef = A2080DBB2F544F170064DD66 /* tasks.md */; };
		A2080E3B2F544F170064DD66 /* spec.md in Resources */ = {isa = PBXBuildFile; fileRef = A2080D6B2F544F170064DD66 /* spec.md */; };
		A2080E3C2F544F170064DD66 /* proposal.md in Resources */ = {isa = PBXBuildFile; fileRef = A2080D722F544F170064DD66 /* proposal.md */; };
		A2080E3D2F544F170064DD66 /* .openspec.yaml in Resources */ = {isa = PBXBuildFile; fileRef = A2080DD62F544F170064DD66 /* .openspec.yaml */; };
		A2080E3E2F544F170064DD66 /* spec.md in Resources */ = {isa = PBXBuildFile; fileRef = A2080D832F544F170064DD66 /* spec.md */; };
		A2080E3F2F544F170064DD66 /* spec.md in Resources */ = {isa = PBXBuildFile; fileRef = A2080D4E2F544F170064DD66 /* spec.md */; };
		A2080E402F544F170064DD66 /* design.md in Resources */ = {isa = PBXBuildFile; fileRef = A2080D972F544F170064DD66 /* design.md */; };
		A2080E412F544F170064DD66 /* design.md in Resources */ = {isa = PBXBuildFile; fileRef = A2080D5B2F544F170064DD66 /* design.md */; };
		A2080E422F544F170064DD66 /* feature-tags-categories.md in Resources */ = {isa = PBXBuildFile; fileRef = A2080DF72F544F170064DD66 /* feature-tags-categories.md */; };
		A2080E432F544F170064DD66 /* swiftdata-persistence.md in Resources */ = {isa = PBXBuildFile; fileRef = A2080DFE2F544F170064DD66 /* swiftdata-persistence.md */; };
		A2080E442F544F170064DD66 /* spec.md in Resources */ = {isa = PBXBuildFile; fileRef = A2080D502F544F170064DD66 /* spec.md */; };
		A2080E452F544F170064DD66 /* tasks.md in Resources */ = {isa = PBXBuildFile; fileRef = A2080DE62F544F170064DD66 /* tasks.md */; };
		A2080E462F544F170064DD66 /* spec.md in Resources */ = {isa = PBXBuildFile; fileRef = A2080DAB2F544F170064DD66 /* spec.md */; };
		A2080E472F544F170064DD66 /* screen-onboarding.md in Resources */ = {isa = PBXBuildFile; fileRef = A2080DFC2F544F170064DD66 /* screen-onboarding.md */; };
		A2080E482F544F170064DD66 /* design.md in Resources */ = {isa = PBXBuildFile; fileRef = A2080DB92F544F170064DD66 /* design.md */; };
		A2080E492F544F170064DD66 /* design.md in Resources */ = {isa = PBXBuildFile; fileRef = A2080D7F2F544F170064DD66 /* design.md */; };
		A2080E4A2F544F170064DD66 /* design.md in Resources */ = {isa = PBXBuildFile; fileRef = A2080D782F544F170064DD66 /* design.md */; };
		A2080E4B2F544F170064DD66 /* tasks.md in Resources */ = {isa = PBXBuildFile; fileRef = A2080D732F544F170064DD66 /* tasks.md */; };
		A2080E4C2F544F170064DD66 /* .openspec.yaml in Resources */ = {isa = PBXBuildFile; fileRef = A2080D532F544F170064DD66 /* .openspec.yaml */; };
		A2080E4D2F544F170064DD66 /* proposal.md in Resources */ = {isa = PBXBuildFile; fileRef = A2080D792F544F170064DD66 /* proposal.md */; };
		A2080E4E2F544F170064DD66 /* design.md in Resources */ = {isa = PBXBuildFile; fileRef = A2080DC92F544F170064DD66 /* design.md */; };
		A2080E4F2F544F170064DD66 /* spec.md in Resources */ = {isa = PBXBuildFile; fileRef = A2080D4C2F544F170064DD66 /* spec.md */; };
		A2080E502F544F170064DD66 /* tasks.md in Resources */ = {isa = PBXBuildFile; fileRef = A2080DD92F544F170064DD66 /* tasks.md */; };
		A2080E512F544F170064DD66 /* domain-model.md in Resources */ = {isa = PBXBuildFile; fileRef = A2080DF32F544F170064DD66 /* domain-model.md */; };
		A2080E522F544F170064DD66 /* screen-settings.md in Resources */ = {isa = PBXBuildFile; fileRef = A2080DFD2F544F170064DD66 /* screen-settings.md */; };
		A2080E532F544F170064DD66 /* screen-main-navigation.md in Resources */ = {isa = PBXBuildFile; fileRef = A2080DFB2F544F170064DD66 /* screen-main-navigation.md */; };
		A2080E542F544F170064DD66 /* proposal.md in Resources */ = {isa = PBXBuildFile; fileRef = A2080D552F544F170064DD66 /* proposal.md */; };
		A2080E552F544F170064DD66 /* proposal.md in Resources */ = {isa = PBXBuildFile; fileRef = A2080DCA2F544F170064DD66 /* proposal.md */; };
		A2080E562F544F170064DD66 /* spec.md in Resources */ = {isa = PBXBuildFile; fileRef = A2080D4A2F544F170064DD66 /* spec.md */; };
		A2080E572F544F170064DD66 /* proposal.md in Resources */ = {isa = PBXBuildFile; fileRef = A2080D8A2F544F170064DD66 /* proposal.md */; };
		A2080E582F544F170064DD66 /* .openspec.yaml in Resources */ = {isa = PBXBuildFile; fileRef = A2080DC02F544F170064DD66 /* .openspec.yaml */; };
		A2080E592F544F170064DD66 /* feature-transactions.md in Resources */ = {isa = PBXBuildFile; fileRef = A2080DF82F544F170064DD66 /* feature-transactions.md */; };
		A2080E5A2F544F170064DD66 /* spec.md in Resources */ = {isa = PBXBuildFile; fileRef = A2080D612F544F170064DD66 /* spec.md */; };
		A2080E5B2F544F170064DD66 /* live-client-implementations.md in Resources */ = {isa = PBXBuildFile; fileRef = A2080DF92F544F170064DD66 /* live-client-implementations.md */; };
		A2080E5C2F544F170064DD66 /* design.md in Resources */ = {isa = PBXBuildFile; fileRef = A2080DC12F544F170064DD66 /* design.md */; };
		A2080E5D2F544F170064DD66 /* spec.md in Resources */ = {isa = PBXBuildFile; fileRef = A2080D932F544F170064DD66 /* spec.md */; };
		A2080E5E2F544F170064DD66 /* .openspec.yaml in Resources */ = {isa = PBXBuildFile; fileRef = A2080D882F544F170064DD66 /* .openspec.yaml */; };
		A2080E5F2F544F170064DD66 /* proposal.md in Resources */ = {isa = PBXBuildFile; fileRef = A2080DB02F544F170064DD66 /* proposal.md */; };
		A2080E602F544F170064DD66 /* spec.md in Resources */ = {isa = PBXBuildFile; fileRef = A2080D7C2F544F170064DD66 /* spec.md */; };
		A2080E612F544F170064DD66 /* proposal.md in Resources */ = {isa = PBXBuildFile; fileRef = A2080DE52F544F170064DD66 /* proposal.md */; };
		A2080E622F544F170064DD66 /* design.md in Resources */ = {isa = PBXBuildFile; fileRef = A2080D712F544F170064DD66 /* design.md */; };
		A2080E632F544F170064DD66 /* .openspec.yaml in Resources */ = {isa = PBXBuildFile; fileRef = A2080DB82F544F170064DD66 /* .openspec.yaml */; };
		A2080E642F544F170064DD66 /* neuledger-design-system.pen in Resources */ = {isa = PBXBuildFile; fileRef = A2080DE92F544F170064DD66 /* neuledger-design-system.pen */; };
		A2080E652F544F170064DD66 /* spec.md in Resources */ = {isa = PBXBuildFile; fileRef = A2080DA12F544F170064DD66 /* spec.md */; };
		A2080E662F544F170064DD66 /* spec.md in Resources */ = {isa = PBXBuildFile; fileRef = A2080DE02F544F170064DD66 /* spec.md */; };
		A2080E672F544F170064DD66 /* design-system-components.md in Resources */ = {isa = PBXBuildFile; fileRef = A2080DF12F544F170064DD66 /* design-system-components.md */; };
		A2080E682F544F170064DD66 /* spec.md in Resources */ = {isa = PBXBuildFile; fileRef = A2080DB32F544F170064DD66 /* spec.md */; };
		A2080E692F544F170064DD66 /* tasks.md in Resources */ = {isa = PBXBuildFile; fileRef = A2080D692F544F170064DD66 /* tasks.md */; };
		A2080E6A2F544F170064DD66 /* spec.md in Resources */ = {isa = PBXBuildFile; fileRef = A2080DDC2F544F170064DD66 /* spec.md */; };
		A2080E6B2F544F170064DD66 /* spec.md in Resources */ = {isa = PBXBuildFile; fileRef = A2080DCD2F544F170064DD66 /* spec.md */; };
		A2080E6C2F544F170064DD66 /* spec.md in Resources */ = {isa = PBXBuildFile; fileRef = A2080DD32F544F170064DD66 /* spec.md */; };
		A2080E6D2F544F170064DD66 /* domain-unit-tests.md in Resources */ = {isa = PBXBuildFile; fileRef = A2080DF42F544F170064DD66 /* domain-unit-tests.md */; };
		A2080E6E2F544F170064DD66 /* domain-data-mapping.md in Resources */ = {isa = PBXBuildFile; fileRef = A2080DF22F544F170064DD66 /* domain-data-mapping.md */; };
		A2080E6F2F544F170064DD66 /* config.yaml in Resources */ = {isa = PBXBuildFile; fileRef = A2080E002F544F170064DD66 /* config.yaml */; };
		A2080E702F544F170064DD66 /* tasks.md in Resources */ = {isa = PBXBuildFile; fileRef = A2080D5D2F544F170064DD66 /* tasks.md */; };
		A2080E712F544F170064DD66 /* spec.md in Resources */ = {isa = PBXBuildFile; fileRef = A2080D9F2F544F170064DD66 /* spec.md */; };
		A2080E722F544F170064DD66 /* app-feature-store.md in Resources */ = {isa = PBXBuildFile; fileRef = A2080DEC2F544F170064DD66 /* app-feature-store.md */; };
		A2080E732F544F170064DD66 /* spec.md in Resources */ = {isa = PBXBuildFile; fileRef = A2080DBD2F544F170064DD66 /* spec.md */; };
		A2080E742F544F170064DD66 /* spec.md in Resources */ = {isa = PBXBuildFile; fileRef = A2080D752F544F170064DD66 /* spec.md */; };
		A249D8AF2F418E0E00CBA03D /* Features in Frameworks */ = {isa = PBXBuildFile; productRef = A249D8AE2F418E0E00CBA03D /* Features */; };
		BA24DB8F2F418E0E00CBA03D /* Core in Frameworks */ = {isa = PBXBuildFile; productRef = BA24DB8E2F418E0E00CBA03D /* Core */; };
/* End PBXBuildFile section */

/* Begin PBXFileReference section */
		A2080D482F544F170064DD66 /* spec.md */ = {isa = PBXFileReference; lastKnownFileType = net.daringfireball.markdown; path = spec.md; sourceTree = "<group>"; };
		A2080D4A2F544F170064DD66 /* spec.md */ = {isa = PBXFileReference; lastKnownFileType = net.daringfireball.markdown; path = spec.md; sourceTree = "<group>"; };
		A2080D4C2F544F170064DD66 /* spec.md */ = {isa = PBXFileReference; lastKnownFileType = net.daringfireball.markdown; path = spec.md; sourceTree = "<group>"; };
		A2080D4E2F544F170064DD66 /* spec.md */ = {isa = PBXFileReference; lastKnownFileType = net.daringfireball.markdown; path = spec.md; sourceTree = "<group>"; };
		A2080D502F544F170064DD66 /* spec.md */ = {isa = PBXFileReference; lastKnownFileType = net.daringfireball.markdown; path = spec.md; sourceTree = "<group>"; };
		A2080D532F544F170064DD66 /* .openspec.yaml */ = {isa = PBXFileReference; lastKnownFileType = text.yaml; path = .openspec.yaml; sourceTree = "<group>"; };
		A2080D542F544F170064DD66 /* design.md */ = {isa = PBXFileReference; lastKnownFileType = net.daringfireball.markdown; path = design.md; sourceTree = "<group>"; };
		A2080D552F544F170064DD66 /* proposal.md */ = {isa = PBXFileReference; lastKnownFileType = net.daringfireball.markdown; path = proposal.md; sourceTree = "<group>"; };
		A2080D562F544F170064DD66 /* tasks.md */ = {isa = PBXFileReference; lastKnownFileType = net.daringfireball.markdown; path = tasks.md; sourceTree = "<group>"; };
		A2080D582F544F170064DD66 /* spec.md */ = {isa = PBXFileReference; lastKnownFileType = net.daringfireball.markdown; path = spec.md; sourceTree = "<group>"; };
		A2080D5B2F544F170064DD66 /* design.md */ = {isa = PBXFileReference; lastKnownFileType = net.daringfireball.markdown; path = design.md; sourceTree = "<group>"; };
		A2080D5C2F544F170064DD66 /* proposal.md */ = {isa = PBXFileReference; lastKnownFileType = net.daringfireball.markdown; path = proposal.md; sourceTree = "<group>"; };
		A2080D5D2F544F170064DD66 /* tasks.md */ = {isa = PBXFileReference; lastKnownFileType = net.daringfireball.markdown; path = tasks.md; sourceTree = "<group>"; };
		A2080D5F2F544F170064DD66 /* spec.md */ = {isa = PBXFileReference; lastKnownFileType = net.daringfireball.markdown; path = spec.md; sourceTree = "<group>"; };
		A2080D612F544F170064DD66 /* spec.md */ = {isa = PBXFileReference; lastKnownFileType = net.daringfireball.markdown; path = spec.md; sourceTree = "<group>"; };
		A2080D632F544F170064DD66 /* spec.md */ = {isa = PBXFileReference; lastKnownFileType = net.daringfireball.markdown; path = spec.md; sourceTree = "<group>"; };
		A2080D662F544F170064DD66 /* .openspec.yaml */ = {isa = PBXFileReference; lastKnownFileType = text.yaml; path = .openspec.yaml; sourceTree = "<group>"; };
		A2080D672F544F170064DD66 /* design.md */ = {isa = PBXFileReference; lastKnownFileType = net.daringfireball.markdown; path = design.md; sourceTree = "<group>"; };
		A2080D682F544F170064DD66 /* proposal.md */ = {isa = PBXFileReference; lastKnownFileType = net.daringfireball.markdown; path = proposal.md; sourceTree = "<group>"; };
		A2080D692F544F170064DD66 /* tasks.md */ = {isa = PBXFileReference; lastKnownFileType = net.daringfireball.markdown; path = tasks.md; sourceTree = "<group>"; };
		A2080D6B2F544F170064DD66 /* spec.md */ = {isa = PBXFileReference; lastKnownFileType = net.daringfireball.markdown; path = spec.md; sourceTree = "<group>"; };
		A2080D6D2F544F170064DD66 /* spec.md */ = {isa = PBXFileReference; lastKnownFileType = net.daringfireball.markdown; path = spec.md; sourceTree = "<group>"; };
		A2080D702F544F170064DD66 /* .openspec.yaml */ = {isa = PBXFileReference; lastKnownFileType = text.yaml; path = .openspec.yaml; sourceTree = "<group>"; };
		A2080D712F544F170064DD66 /* design.md */ = {isa = PBXFileReference; lastKnownFileType = net.daringfireball.markdown; path = design.md; sourceTree = "<group>"; };
		A2080D722F544F170064DD66 /* proposal.md */ = {isa = PBXFileReference; lastKnownFileType = net.daringfireball.markdown; path = proposal.md; sourceTree = "<group>"; };
		A2080D732F544F170064DD66 /* tasks.md */ = {isa = PBXFileReference; lastKnownFileType = net.daringfireball.markdown; path = tasks.md; sourceTree = "<group>"; };
		A2080D752F544F170064DD66 /* spec.md */ = {isa = PBXFileReference; lastKnownFileType = net.daringfireball.markdown; path = spec.md; sourceTree = "<group>"; };
		A2080D782F544F170064DD66 /* design.md */ = {isa = PBXFileReference; lastKnownFileType = net.daringfireball.markdown; path = design.md; sourceTree = "<group>"; };
		A2080D792F544F170064DD66 /* proposal.md */ = {isa = PBXFileReference; lastKnownFileType = net.daringfireball.markdown; path = proposal.md; sourceTree = "<group>"; };
		A2080D7A2F544F170064DD66 /* tasks.md */ = {isa = PBXFileReference; lastKnownFileType = net.daringfireball.markdown; path = tasks.md; sourceTree = "<group>"; };
		A2080D7C2F544F170064DD66 /* spec.md */ = {isa = PBXFileReference; lastKnownFileType = net.daringfireball.markdown; path = spec.md; sourceTree = "<group>"; };
		A2080D7F2F544F170064DD66 /* design.md */ = {isa = PBXFileReference; lastKnownFileType = net.daringfireball.markdown; path = design.md; sourceTree = "<group>"; };
		A2080D802F544F170064DD66 /* proposal.md */ = {isa = PBXFileReference; lastKnownFileType = net.daringfireball.markdown; path = proposal.md; sourceTree = "<group>"; };
		A2080D812F544F170064DD66 /* tasks.md */ = {isa = PBXFileReference; lastKnownFileType = net.daringfireball.markdown; path = tasks.md; sourceTree = "<group>"; };
		A2080D832F544F170064DD66 /* spec.md */ = {isa = PBXFileReference; lastKnownFileType = net.daringfireball.markdown; path = spec.md; sourceTree = "<group>"; };
		A2080D852F544F170064DD66 /* spec.md */ = {isa = PBXFileReference; lastKnownFileType = net.daringfireball.markdown; path = spec.md; sourceTree = "<group>"; };
		A2080D882F544F170064DD66 /* .openspec.yaml */ = {isa = PBXFileReference; lastKnownFileType = text.yaml; path = .openspec.yaml; sourceTree = "<group>"; };
		A2080D892F544F170064DD66 /* design.md */ = {isa = PBXFileReference; lastKnownFileType = net.daringfireball.markdown; path = design.md; sourceTree = "<group>"; };
		A2080D8A2F544F170064DD66 /* proposal.md */ = {isa = PBXFileReference; lastKnownFileType = net.daringfireball.markdown; path = proposal.md; sourceTree = "<group>"; };
		A2080D8B2F544F170064DD66 /* tasks.md */ = {isa = PBXFileReference; lastKnownFileType = net.daringfireball.markdown; path = tasks.md; sourceTree = "<group>"; };
		A2080D8D2F544F170064DD66 /* spec.md */ = {isa = PBXFileReference; lastKnownFileType = net.daringfireball.markdown; path = spec.md; sourceTree = "<group>"; };
		A2080D8F2F544F170064DD66 /* spec.md */ = {isa = PBXFileReference; lastKnownFileType = net.daringfireball.markdown; path = spec.md; sourceTree = "<group>"; };
		A2080D912F544F170064DD66 /* spec.md */ = {isa = PBXFileReference; lastKnownFileType = net.daringfireball.markdown; path = spec.md; sourceTree = "<group>"; };
		A2080D932F544F170064DD66 /* spec.md */ = {isa = PBXFileReference; lastKnownFileType = net.daringfireball.markdown; path = spec.md; sourceTree = "<group>"; };
		A2080D962F544F170064DD66 /* .openspec.yaml */ = {isa = PBXFileReference; lastKnownFileType = text.yaml; path = .openspec.yaml; sourceTree = "<group>"; };
		A2080D972F544F170064DD66 /* design.md */ = {isa = PBXFileReference; lastKnownFileType = net.daringfireball.markdown; path = design.md; sourceTree = "<group>"; };
		A2080D982F544F170064DD66 /* proposal.md */ = {isa = PBXFileReference; lastKnownFileType = net.daringfireball.markdown; path = proposal.md; sourceTree = "<group>"; };
		A2080D992F544F170064DD66 /* tasks.md */ = {isa = PBXFileReference; lastKnownFileType = net.daringfireball.markdown; path = tasks.md; sourceTree = "<group>"; };
		A2080D9B2F544F170064DD66 /* spec.md */ = {isa = PBXFileReference; lastKnownFileType = net.daringfireball.markdown; path = spec.md; sourceTree = "<group>"; };
		A2080D9D2F544F170064DD66 /* spec.md */ = {isa = PBXFileReference; lastKnownFileType = net.daringfireball.markdown; path = spec.md; sourceTree = "<group>"; };
		A2080D9F2F544F170064DD66 /* spec.md */ = {isa = PBXFileReference; lastKnownFileType = net.daringfireball.markdown; path = spec.md; sourceTree = "<group>"; };
		A2080DA12F544F170064DD66 /* spec.md */ = {isa = PBXFileReference; lastKnownFileType = net.daringfireball.markdown; path = spec.md; sourceTree = "<group>"; };
		A2080DA42F544F170064DD66 /* .openspec.yaml */ = {isa = PBXFileReference; lastKnownFileType = text.yaml; path = .openspec.yaml; sourceTree = "<group>"; };
		A2080DA52F544F170064DD66 /* design.md */ = {isa = PBXFileReference; lastKnownFileType = net.daringfireball.markdown; path = design.md; sourceTree = "<group>"; };
		A2080DA62F544F170064DD66 /* proposal.md */ = {isa = PBXFileReference; lastKnownFileType = net.daringfireball.markdown; path = proposal.md; sourceTree = "<group>"; };
		A2080DA72F544F170064DD66 /* tasks.md */ = {isa = PBXFileReference; lastKnownFileType = net.daringfireball.markdown; path = tasks.md; sourceTree = "<group>"; };
		A2080DA92F544F170064DD66 /* spec.md */ = {isa = PBXFileReference; lastKnownFileType = net.daringfireball.markdown; path = spec.md; sourceTree = "<group>"; };
		A2080DAB2F544F170064DD66 /* spec.md */ = {isa = PBXFileReference; lastKnownFileType = net.daringfireball.markdown; path = spec.md; sourceTree = "<group>"; };
		A2080DAE2F544F170064DD66 /* .openspec.yaml */ = {isa = PBXFileReference; lastKnownFileType = text.yaml; path = .openspec.yaml; sourceTree = "<group>"; };
		A2080DAF2F544F170064DD66 /* design.md */ = {isa = PBXFileReference; lastKnownFileType = net.daringfireball.markdown; path = design.md; sourceTree = "<group>"; };
		A2080DB02F544F170064DD66 /* proposal.md */ = {isa = PBXFileReference; lastKnownFileType = net.daringfireball.markdown; path = proposal.md; sourceTree = "<group>"; };
		A2080DB12F544F170064DD66 /* tasks.md */ = {isa = PBXFileReference; lastKnownFileType = net.daringfireball.markdown; path = tasks.md; sourceTree = "<group>"; };
		A2080DB32F544F170064DD66 /* spec.md */ = {isa = PBXFileReference; lastKnownFileType = net.daringfireball.markdown; path = spec.md; sourceTree = "<group>"; };
		A2080DB52F544F170064DD66 /* spec.md */ = {isa = PBXFileReference; lastKnownFileType = net.daringfireball.markdown; path = spec.md; sourceTree = "<group>"; };
		A2080DB82F544F170064DD66 /* .openspec.yaml */ = {isa = PBXFileReference; lastKnownFileType = text.yaml; path = .openspec.yaml; sourceTree = "<group>"; };
		A2080DB92F544F170064DD66 /* design.md */ = {isa = PBXFileReference; lastKnownFileType = net.daringfireball.markdown; path = design.md; sourceTree = "<group>"; };
		A2080DBA2F544F170064DD66 /* proposal.md */ = {isa = PBXFileReference; lastKnownFileType = net.daringfireball.markdown; path = proposal.md; sourceTree = "<group>"; };
		A2080DBB2F544F170064DD66 /* tasks.md */ = {isa = PBXFileReference; lastKnownFileType = net.daringfireball.markdown; path = tasks.md; sourceTree = "<group>"; };
		A2080DBD2F544F170064DD66 /* spec.md */ = {isa = PBXFileReference; lastKnownFileType = net.daringfireball.markdown; path = spec.md; sourceTree = "<group>"; };
		A2080DC02F544F170064DD66 /* .openspec.yaml */ = {isa = PBXFileReference; lastKnownFileType = text.yaml; path = .openspec.yaml; sourceTree = "<group>"; };
		A2080DC12F544F170064DD66 /* design.md */ = {isa = PBXFileReference; lastKnownFileType = net.daringfireball.markdown; path = design.md; sourceTree = "<group>"; };
		A2080DC22F544F170064DD66 /* proposal.md */ = {isa = PBXFileReference; lastKnownFileType = net.daringfireball.markdown; path = proposal.md; sourceTree = "<group>"; };
		A2080DC32F544F170064DD66 /* tasks.md */ = {isa = PBXFileReference; lastKnownFileType = net.daringfireball.markdown; path = tasks.md; sourceTree = "<group>"; };
		A2080DC52F544F170064DD66 /* spec.md */ = {isa = PBXFileReference; lastKnownFileType = net.daringfireball.markdown; path = spec.md; sourceTree = "<group>"; };
		A2080DC82F544F170064DD66 /* .openspec.yaml */ = {isa = PBXFileReference; lastKnownFileType = text.yaml; path = .openspec.yaml; sourceTree = "<group>"; };
		A2080DC92F544F170064DD66 /* design.md */ = {isa = PBXFileReference; lastKnownFileType = net.daringfireball.markdown; path = design.md; sourceTree = "<group>"; };
		A2080DCA2F544F170064DD66 /* proposal.md */ = {isa = PBXFileReference; lastKnownFileType = net.daringfireball.markdown; path = proposal.md; sourceTree = "<group>"; };
		A2080DCB2F544F170064DD66 /* tasks.md */ = {isa = PBXFileReference; lastKnownFileType = net.daringfireball.markdown; path = tasks.md; sourceTree = "<group>"; };
		A2080DCD2F544F170064DD66 /* spec.md */ = {isa = PBXFileReference; lastKnownFileType = net.daringfireball.markdown; path = spec.md; sourceTree = "<group>"; };
		A2080DCF2F544F170064DD66 /* spec.md */ = {isa = PBXFileReference; lastKnownFileType = net.daringfireball.markdown; path = spec.md; sourceTree = "<group>"; };
		A2080DD12F544F170064DD66 /* spec.md */ = {isa = PBXFileReference; lastKnownFileType = net.daringfireball.markdown; path = spec.md; sourceTree = "<group>"; };
		A2080DD32F544F170064DD66 /* spec.md */ = {isa = PBXFileReference; lastKnownFileType = net.daringfireball.markdown; path = spec.md; sourceTree = "<group>"; };
		A2080DD62F544F170064DD66 /* .openspec.yaml */ = {isa = PBXFileReference; lastKnownFileType = text.yaml; path = .openspec.yaml; sourceTree = "<group>"; };
		A2080DD72F544F170064DD66 /* design.md */ = {isa = PBXFileReference; lastKnownFileType = net.daringfireball.markdown; path = design.md; sourceTree = "<group>"; };
		A2080DD82F544F170064DD66 /* proposal.md */ = {isa = PBXFileReference; lastKnownFileType = net.daringfireball.markdown; path = proposal.md; sourceTree = "<group>"; };
		A2080DD92F544F170064DD66 /* tasks.md */ = {isa = PBXFileReference; lastKnownFileType = net.daringfireball.markdown; path = tasks.md; sourceTree = "<group>"; };
		A2080DDC2F544F170064DD66 /* spec.md */ = {isa = PBXFileReference; lastKnownFileType = net.daringfireball.markdown; path = spec.md; sourceTree = "<group>"; };
		A2080DDE2F544F170064DD66 /* spec.md */ = {isa = PBXFileReference; lastKnownFileType = net.daringfireball.markdown; path = spec.md; sourceTree = "<group>"; };
		A2080DE02F544F170064DD66 /* spec.md */ = {isa = PBXFileReference; lastKnownFileType = net.daringfireball.markdown; path = spec.md; sourceTree = "<group>"; };
		A2080DE32F544F170064DD66 /* .openspec.yaml */ = {isa = PBXFileReference; lastKnownFileType = text.yaml; path = .openspec.yaml; sourceTree = "<group>"; };
		A2080DE42F544F170064DD66 /* design.md */ = {isa = PBXFileReference; lastKnownFileType = net.daringfireball.markdown; path = design.md; sourceTree = "<group>"; };
		A2080DE52F544F170064DD66 /* proposal.md */ = {isa = PBXFileReference; lastKnownFileType = net.daringfireball.markdown; path = proposal.md; sourceTree = "<group>"; };
		A2080DE62F544F170064DD66 /* tasks.md */ = {isa = PBXFileReference; lastKnownFileType = net.daringfireball.markdown; path = tasks.md; sourceTree = "<group>"; };
		A2080DE92F544F170064DD66 /* neuledger-design-system.pen */ = {isa = PBXFileReference; lastKnownFileType = text; path = "neuledger-design-system.pen"; sourceTree = "<group>"; };
		A2080DEB2F544F170064DD66 /* ai-integration.md */ = {isa = PBXFileReference; lastKnownFileType = net.daringfireball.markdown; path = "ai-integration.md"; sourceTree = "<group>"; };
		A2080DEC2F544F170064DD66 /* app-feature-store.md */ = {isa = PBXFileReference; lastKnownFileType = net.daringfireball.markdown; path = "app-feature-store.md"; sourceTree = "<group>"; };
		A2080DED2F544F170064DD66 /* architecture-blueprint.md */ = {isa = PBXFileReference; lastKnownFileType = net.daringfireball.markdown; path = "architecture-blueprint.md"; sourceTree = "<group>"; };
		A2080DEE2F544F170064DD66 /* default-data-seeding.md */ = {isa = PBXFileReference; lastKnownFileType = net.daringfireball.markdown; path = "default-data-seeding.md"; sourceTree = "<group>"; };
		A2080DEF2F544F170064DD66 /* design-audit.md */ = {isa = PBXFileReference; lastKnownFileType = net.daringfireball.markdown; path = "design-audit.md"; sourceTree = "<group>"; };
		A2080DF02F544F170064DD66 /* design-system.md */ = {isa = PBXFileReference; lastKnownFileType = net.daringfireball.markdown; path = "design-system.md"; sourceTree = "<group>"; };
		A2080DF12F544F170064DD66 /* design-system-components.md */ = {isa = PBXFileReference; lastKnownFileType = net.daringfireball.markdown; path = "design-system-components.md"; sourceTree = "<group>"; };
		A2080DF22F544F170064DD66 /* domain-data-mapping.md */ = {isa = PBXFileReference; lastKnownFileType = net.daringfireball.markdown; path = "domain-data-mapping.md"; sourceTree = "<group>"; };
		A2080DF32F544F170064DD66 /* domain-model.md */ = {isa = PBXFileReference; lastKnownFileType = net.daringfireball.markdown; path = "domain-model.md"; sourceTree = "<group>"; };
		A2080DF42F544F170064DD66 /* domain-unit-tests.md */ = {isa = PBXFileReference; lastKnownFileType = net.daringfireball.markdown; path = "domain-unit-tests.md"; sourceTree = "<group>"; };
		A2080DF52F544F170064DD66 /* feature-accounts.md */ = {isa = PBXFileReference; lastKnownFileType = net.daringfireball.markdown; path = "feature-accounts.md"; sourceTree = "<group>"; };
		A2080DF62F544F170064DD66 /* feature-budgets.md */ = {isa = PBXFileReference; lastKnownFileType = net.daringfireball.markdown; path = "feature-budgets.md"; sourceTree = "<group>"; };
		A2080DF72F544F170064DD66 /* feature-tags-categories.md */ = {isa = PBXFileReference; lastKnownFileType = net.daringfireball.markdown; path = "feature-tags-categories.md"; sourceTree = "<group>"; };
		A2080DF82F544F170064DD66 /* feature-transactions.md */ = {isa = PBXFileReference; lastKnownFileType = net.daringfireball.markdown; path = "feature-transactions.md"; sourceTree = "<group>"; };
		A2080DF92F544F170064DD66 /* live-client-implementations.md */ = {isa = PBXFileReference; lastKnownFileType = net.daringfireball.markdown; path = "live-client-implementations.md"; sourceTree = "<group>"; };
		A2080DFA2F544F170064DD66 /* screen-analysis.md */ = {isa = PBXFileReference; lastKnownFileType = net.daringfireball.markdown; path = "screen-analysis.md"; sourceTree = "<group>"; };
		A2080DFB2F544F170064DD66 /* screen-main-navigation.md */ = {isa = PBXFileReference; lastKnownFileType = net.daringfireball.markdown; path = "screen-main-navigation.md"; sourceTree = "<group>"; };
		A2080DFC2F544F170064DD66 /* screen-onboarding.md */ = {isa = PBXFileReference; lastKnownFileType = net.daringfireball.markdown; path = "screen-onboarding.md"; sourceTree = "<group>"; };
		A2080DFD2F544F170064DD66 /* screen-settings.md */ = {isa = PBXFileReference; lastKnownFileType = net.daringfireball.markdown; path = "screen-settings.md"; sourceTree = "<group>"; };
		A2080DFE2F544F170064DD66 /* swiftdata-persistence.md */ = {isa = PBXFileReference; lastKnownFileType = net.daringfireball.markdown; path = "swiftdata-persistence.md"; sourceTree = "<group>"; };
		A2080E002F544F170064DD66 /* config.yaml */ = {isa = PBXFileReference; lastKnownFileType = text.yaml; path = config.yaml; sourceTree = "<group>"; };
		A249D8A82F418AC300CBA03D /* Features */ = {isa = PBXFileReference; lastKnownFileType = wrapper; path = Features; sourceTree = "<group>"; };
		A24BD4792F3B34480046D6A4 /* NeuLedger.app */ = {isa = PBXFileReference; explicitFileType = wrapper.application; includeInIndex = 0; path = NeuLedger.app; sourceTree = BUILT_PRODUCTS_DIR; };
/* End PBXFileReference section */

/* Begin PBXFileSystemSynchronizedBuildFileExceptionSet section */
		A249D8B42F418FD200CBA03D /* Exceptions for "NeuLedger" folder in "NeuLedger" target */ = {
			isa = PBXFileSystemSynchronizedBuildFileExceptionSet;
			membershipExceptions = (
				Info.plist,
			);
			target = A24BD4782F3B34480046D6A4 /* NeuLedger */;
		};
/* End PBXFileSystemSynchronizedBuildFileExceptionSet section */

/* Begin PBXFileSystemSynchronizedRootGroup section */
		A24BD47B2F3B34480046D6A4 /* NeuLedger */ = {
			isa = PBXFileSystemSynchronizedRootGroup;
			exceptions = (
				A249D8B42F418FD200CBA03D /* Exceptions for "NeuLedger" folder in "NeuLedger" target */,
			);
			path = NeuLedger;
			sourceTree = "<group>";
		};
/* End PBXFileSystemSynchronizedRootGroup section */

/* Begin PBXFrameworksBuildPhase section */
		A24BD4762F3B34480046D6A4 /* Frameworks */ = {
			isa = PBXFrameworksBuildPhase;
			buildActionMask = 2147483647;
			files = (
				A249D8AF2F418E0E00CBA03D /* Features in Frameworks */,
				BA24DB8F2F418E0E00CBA03D /* Core in Frameworks */,
			);
			runOnlyForDeploymentPostprocessing = 0;
		};
/* End PBXFrameworksBuildPhase section */

/* Begin PBXGroup section */
		A2080D492F544F170064DD66 /* ai-integration-spec */ = {
			isa = PBXGroup;
			children = (
				A2080D482F544F170064DD66 /* spec.md */,
			);
			path = "ai-integration-spec";
			sourceTree = "<group>";
		};
		A2080D4B2F544F170064DD66 /* app-features */ = {
			isa = PBXGroup;
			children = (
				A2080D4A2F544F170064DD66 /* spec.md */,
			);
			path = "app-features";
			sourceTree = "<group>";
		};
		A2080D4D2F544F170064DD66 /* architecture-blueprint */ = {
			isa = PBXGroup;
			children = (
				A2080D4C2F544F170064DD66 /* spec.md */,
			);
			path = "architecture-blueprint";
			sourceTree = "<group>";
		};
		A2080D4F2F544F170064DD66 /* domain-model */ = {
			isa = PBXGroup;
			children = (
				A2080D4E2F544F170064DD66 /* spec.md */,
			);
			path = "domain-model";
			sourceTree = "<group>";
		};
		A2080D512F544F170064DD66 /* ui-design-system */ = {
			isa = PBXGroup;
			children = (
				A2080D502F544F170064DD66 /* spec.md */,
			);
			path = "ui-design-system";
			sourceTree = "<group>";
		};
		A2080D522F544F170064DD66 /* specs */ = {
			isa = PBXGroup;
			children = (
				A2080D492F544F170064DD66 /* ai-integration-spec */,
				A2080D4B2F544F170064DD66 /* app-features */,
				A2080D4D2F544F170064DD66 /* architecture-blueprint */,
				A2080D4F2F544F170064DD66 /* domain-model */,
				A2080D512F544F170064DD66 /* ui-design-system */,
			);
			path = specs;
			sourceTree = "<group>";
		};
		A2080D572F544F170064DD66 /* 2026-02-14-define-architecture */ = {
			isa = PBXGroup;
			children = (
				A2080D522F544F170064DD66 /* specs */,
				A2080D532F544F170064DD66 /* .openspec.yaml */,
				A2080D542F544F170064DD66 /* design.md */,
				A2080D552F544F170064DD66 /* proposal.md */,
				A2080D562F544F170064DD66 /* tasks.md */,
			);
			path = "2026-02-14-define-architecture";
			sourceTree = "<group>";
		};
		A2080D592F544F170064DD66 /* design-system */ = {
			isa = PBXGroup;
			children = (
				A2080D582F544F170064DD66 /* spec.md */,
			);
			path = "design-system";
			sourceTree = "<group>";
		};
		A2080D5A2F544F170064DD66 /* specs */ = {
			isa = PBXGroup;
			children = (
				A2080D592F544F170064DD66 /* design-system */,
			);
			path = specs;
			sourceTree = "<group>";
		};
		A2080D5E2F544F170064DD66 /* 2026-02-14-implement-design-system */ = {
			isa = PBXGroup;
			children = (
				A2080D5A2F544F170064DD66 /* specs */,
				A2080D5B2F544F170064DD66 /* design.md */,
				A2080D5C2F544F170064DD66 /* proposal.md */,
				A2080D5D2F544F170064DD66 /* tasks.md */,
			);
			path = "2026-02-14-implement-design-system";
			sourceTree = "<group>";
		};
		A2080D602F544F170064DD66 /* architecture-blueprint */ = {
			isa = PBXGroup;
			children = (
				A2080D5F2F544F170064DD66 /* spec.md */,
			);
			path = "architecture-blueprint";
			sourceTree = "<group>";
		};
		A2080D622F544F170064DD66 /* design-system */ = {
			isa = PBXGroup;
			children = (
				A2080D612F544F170064DD66 /* spec.md */,
			);
			path = "design-system";
			sourceTree = "<group>";
		};
		A2080D642F544F170064DD66 /* design-tokens */ = {
			isa = PBXGroup;
			children = (
				A2080D632F544F170064DD66 /* spec.md */,
			);
			path = "design-tokens";
			sourceTree = "<group>";
		};
		A2080D652F544F170064DD66 /* specs */ = {
			isa = PBXGroup;
			children = (
				A2080D602F544F170064DD66 /* architecture-blueprint */,
				A2080D622F544F170064DD66 /* design-system */,
				A2080D642F544F170064DD66 /* design-tokens */,
			);
			path = specs;
			sourceTree = "<group>";
		};
		A2080D6A2F544F170064DD66 /* 2026-02-15-restructure-spm-modules */ = {
			isa = PBXGroup;
			children = (
				A2080D652F544F170064DD66 /* specs */,
				A2080D662F544F170064DD66 /* .openspec.yaml */,
				A2080D672F544F170064DD66 /* design.md */,
				A2080D682F544F170064DD66 /* proposal.md */,
				A2080D692F544F170064DD66 /* tasks.md */,
			);
			path = "2026-02-15-restructure-spm-modules";
			sourceTree = "<group>";
		};
		A2080D6C2F544F170064DD66 /* design-audit */ = {
			isa = PBXGroup;
			children = (
				A2080D6B2F544F170064DD66 /* spec.md */,
			);
			path = "design-audit";
			sourceTree = "<group>";
		};
		A2080D6E2F544F170064DD66 /* launch-experience */ = {
			isa = PBXGroup;
			children = (
				A2080D6D2F544F170064DD66 /* spec.md */,
			);
			path = "launch-experience";
			sourceTree = "<group>";
		};
		A2080D6F2F544F170064DD66 /* specs */ = {
			isa = PBXGroup;
			children = (
				A2080D6C2F544F170064DD66 /* design-audit */,
				A2080D6E2F544F170064DD66 /* launch-experience */,
			);
			path = specs;
			sourceTree = "<group>";
		};
		A2080D742F544F170064DD66 /* 2026-02-19-design-launch-screen */ = {
			isa = PBXGroup;
			children = (
				A2080D6F2F544F170064DD66 /* specs */,
				A2080D702F544F170064DD66 /* .openspec.yaml */,
				A2080D712F544F170064DD66 /* design.md */,
				A2080D722F544F170064DD66 /* proposal.md */,
				A2080D732F544F170064DD66 /* tasks.md */,
			);
			path = "2026-02-19-design-launch-screen";
			sourceTree = "<group>";
		};
		A2080D762F544F170064DD66 /* design-system-components */ = {
			isa = PBXGroup;
			children = (
				A2080D752F544F170064DD66 /* spec.md */,
			);
			path = "design-system-components";
			sourceTree = "<group>";
		};
		A2080D772F544F170064DD66 /* specs */ = {
			isa = PBXGroup;
			children = (
				A2080D762F544F170064DD66 /* design-system-components */,
			);
			path = specs;
			sourceTree = "<group>";
		};
		A2080D7B2F544F170064DD66 /* 2026-02-19-implement-design-system-components */ = {
			isa = PBXGroup;
			children = (
				A2080D772F544F170064DD66 /* specs */,
				A2080D782F544F170064DD66 /* design.md */,
				A2080D792F544F170064DD66 /* proposal.md */,
				A2080D7A2F544F170064DD66 /* tasks.md */,
			);
			path = "2026-02-19-implement-design-system-components";
			sourceTree = "<group>";
		};
		A2080D7D2F544F170064DD66 /* design-system */ = {
			isa = PBXGroup;
			children = (
				A2080D7C2F544F170064DD66 /* spec.md */,
			);
			path = "design-system";
			sourceTree = "<group>";
		};
		A2080D7E2F544F170064DD66 /* specs */ = {
			isa = PBXGroup;
			children = (
				A2080D7D2F544F170064DD66 /* design-system */,
			);
			path = specs;
			sourceTree = "<group>";
		};
		A2080D822F544F170064DD66 /* 2026-02-19-remove-custom-glass-button-style */ = {
			isa = PBXGroup;
			children = (
				A2080D7E2F544F170064DD66 /* specs */,
				A2080D7F2F544F170064DD66 /* design.md */,
				A2080D802F544F170064DD66 /* proposal.md */,
				A2080D812F544F170064DD66 /* tasks.md */,
			);
			path = "2026-02-19-remove-custom-glass-button-style";
			sourceTree = "<group>";
		};
		A2080D842F544F170064DD66 /* app-features */ = {
			isa = PBXGroup;
			children = (
				A2080D832F544F170064DD66 /* spec.md */,
			);
			path = "app-features";
			sourceTree = "<group>";
		};
		A2080D862F544F170064DD66 /* design-system */ = {
			isa = PBXGroup;
			children = (
				A2080D852F544F170064DD66 /* spec.md */,
			);
			path = "design-system";
			sourceTree = "<group>";
		};
		A2080D872F544F170064DD66 /* specs */ = {
			isa = PBXGroup;
			children = (
				A2080D842F544F170064DD66 /* app-features */,
				A2080D862F544F170064DD66 /* design-system */,
			);
			path = specs;
			sourceTree = "<group>";
		};
		A2080D8C2F544F170064DD66 /* 2026-02-20-design-empty-states */ = {
			isa = PBXGroup;
			children = (
				A2080D872F544F170064DD66 /* specs */,
				A2080D882F544F170064DD66 /* .openspec.yaml */,
				A2080D892F544F170064DD66 /* design.md */,
				A2080D8A2F544F170064DD66 /* proposal.md */,
				A2080D8B2F544F170064DD66 /* tasks.md */,
			);
			path = "2026-02-20-design-empty-states";
			sourceTree = "<group>";
		};
		A2080D8E2F544F170064DD66 /* ai-integration */ = {
			isa = PBXGroup;
			children = (
				A2080D8D2F544F170064DD66 /* spec.md */,
			);
			path = "ai-integration";
			sourceTree = "<group>";
		};
		A2080D902F544F170064DD66 /* app-features */ = {
			isa = PBXGroup;
			children = (
				A2080D8F2F544F170064DD66 /* spec.md */,
			);
			path = "app-features";
			sourceTree = "<group>";
		};
		A2080D922F544F170064DD66 /* domain-model */ = {
			isa = PBXGroup;
			children = (
				A2080D912F544F170064DD66 /* spec.md */,
			);
			path = "domain-model";
			sourceTree = "<group>";
		};
		A2080D942F544F170064DD66 /* domain-unit-tests */ = {
			isa = PBXGroup;
			children = (
				A2080D932F544F170064DD66 /* spec.md */,
			);
			path = "domain-unit-tests";
			sourceTree = "<group>";
		};
		A2080D952F544F170064DD66 /* specs */ = {
			isa = PBXGroup;
			children = (
				A2080D8E2F544F170064DD66 /* ai-integration */,
				A2080D902F544F170064DD66 /* app-features */,
				A2080D922F544F170064DD66 /* domain-model */,
				A2080D942F544F170064DD66 /* domain-unit-tests */,
			);
			path = specs;
			sourceTree = "<group>";
		};
		A2080D9A2F544F170064DD66 /* 2026-02-27-fix-domain-spec-alignment */ = {
			isa = PBXGroup;
			children = (
				A2080D952F544F170064DD66 /* specs */,
				A2080D962F544F170064DD66 /* .openspec.yaml */,
				A2080D972F544F170064DD66 /* design.md */,
				A2080D982F544F170064DD66 /* proposal.md */,
				A2080D992F544F170064DD66 /* tasks.md */,
			);
			path = "2026-02-27-fix-domain-spec-alignment";
			sourceTree = "<group>";
		};
		A2080D9C2F544F170064DD66 /* default-data-seeding */ = {
			isa = PBXGroup;
			children = (
				A2080D9B2F544F170064DD66 /* spec.md */,
			);
			path = "default-data-seeding";
			sourceTree = "<group>";
		};
		A2080D9E2F544F170064DD66 /* domain-data-mapping */ = {
			isa = PBXGroup;
			children = (
				A2080D9D2F544F170064DD66 /* spec.md */,
			);
			path = "domain-data-mapping";
			sourceTree = "<group>";
		};
		A2080DA02F544F170064DD66 /* live-client-implementations */ = {
			isa = PBXGroup;
			children = (
				A2080D9F2F544F170064DD66 /* spec.md */,
			);
			path = "live-client-implementations";
			sourceTree = "<group>";
		};
		A2080DA22F544F170064DD66 /* swiftdata-persistence */ = {
			isa = PBXGroup;
			children = (
				A2080DA12F544F170064DD66 /* spec.md */,
			);
			path = "swiftdata-persistence";
			sourceTree = "<group>";
		};
		A2080DA32F544F170064DD66 /* specs */ = {
			isa = PBXGroup;
			children = (
				A2080D9C2F544F170064DD66 /* default-data-seeding */,
				A2080D9E2F544F170064DD66 /* domain-data-mapping */,
				A2080DA02F544F170064DD66 /* live-client-implementations */,
				A2080DA22F544F170064DD66 /* swiftdata-persistence */,
			);
			path = specs;
			sourceTree = "<group>";
		};
		A2080DA82F544F170064DD66 /* 2026-02-27-implement-data-layer */ = {
			isa = PBXGroup;
			children = (
				A2080DA32F544F170064DD66 /* specs */,
				A2080DA42F544F170064DD66 /* .openspec.yaml */,
				A2080DA52F544F170064DD66 /* design.md */,
				A2080DA62F544F170064DD66 /* proposal.md */,
				A2080DA72F544F170064DD66 /* tasks.md */,
			);
			path = "2026-02-27-implement-data-layer";
			sourceTree = "<group>";
		};
		A2080DAA2F544F170064DD66 /* app-routing */ = {
			isa = PBXGroup;
			children = (
				A2080DA92F544F170064DD66 /* spec.md */,
			);
			path = "app-routing";
			sourceTree = "<group>";
		};
		A2080DAC2F544F170064DD66 /* main-navigation */ = {
			isa = PBXGroup;
			children = (
				A2080DAB2F544F170064DD66 /* spec.md */,
			);
			path = "main-navigation";
			sourceTree = "<group>";
		};
		A2080DAD2F544F170064DD66 /* specs */ = {
			isa = PBXGroup;
			children = (
				A2080DAA2F544F170064DD66 /* app-routing */,
				A2080DAC2F544F170064DD66 /* main-navigation */,
			);
			path = specs;
			sourceTree = "<group>";
		};
		A2080DB22F544F170064DD66 /* 2026-02-28-add-main-tabbar */ = {
			isa = PBXGroup;
			children = (
				A2080DAD2F544F170064DD66 /* specs */,
				A2080DAE2F544F170064DD66 /* .openspec.yaml */,
				A2080DAF2F544F170064DD66 /* design.md */,
				A2080DB02F544F170064DD66 /* proposal.md */,
				A2080DB12F544F170064DD66 /* tasks.md */,
			);
			path = "2026-02-28-add-main-tabbar";
			sourceTree = "<group>";
		};
		A2080DB42F544F170064DD66 /* app-feature-store */ = {
			isa = PBXGroup;
			children = (
				A2080DB32F544F170064DD66 /* spec.md */,
			);
			path = "app-feature-store";
			sourceTree = "<group>";
		};
		A2080DB62F544F170064DD66 /* onboarding-flow */ = {
			isa = PBXGroup;
			children = (
				A2080DB52F544F170064DD66 /* spec.md */,
			);
			path = "onboarding-flow";
			sourceTree = "<group>";
		};
		A2080DB72F544F170064DD66 /* specs */ = {
			isa = PBXGroup;
			children = (
				A2080DB42F544F170064DD66 /* app-feature-store */,
				A2080DB62F544F170064DD66 /* onboarding-flow */,
			);
			path = specs;
			sourceTree = "<group>";
		};
		A2080DBC2F544F170064DD66 /* 2026-02-28-add-root-feature-store */ = {
			isa = PBXGroup;
			children = (
				A2080DB72F544F170064DD66 /* specs */,
				A2080DB82F544F170064DD66 /* .openspec.yaml */,
				A2080DB92F544F170064DD66 /* design.md */,
				A2080DBA2F544F170064DD66 /* proposal.md */,
				A2080DBB2F544F170064DD66 /* tasks.md */,
			);
			path = "2026-02-28-add-root-feature-store";
			sourceTree = "<group>";
		};
		A2080DBE2F544F170064DD66 /* onboarding-flow */ = {
			isa = PBXGroup;
			children = (
				A2080DBD2F544F170064DD66 /* spec.md */,
			);
			path = "onboarding-flow";
			sourceTree = "<group>";
		};
		A2080DBF2F544F170064DD66 /* specs */ = {
			isa = PBXGroup;
			children = (
				A2080DBE2F544F170064DD66 /* onboarding-flow */,
			);
			path = specs;
			sourceTree = "<group>";
		};
		A2080DC42F544F170064DD66 /* 2026-02-28-onboarding-flow-ui */ = {
			isa = PBXGroup;
			children = (
				A2080DBF2F544F170064DD66 /* specs */,
				A2080DC02F544F170064DD66 /* .openspec.yaml */,
				A2080DC12F544F170064DD66 /* design.md */,
				A2080DC22F544F170064DD66 /* proposal.md */,
				A2080DC32F544F170064DD66 /* tasks.md */,
			);
			path = "2026-02-28-onboarding-flow-ui";
			sourceTree = "<group>";
		};
		A2080DC62F544F170064DD66 /* user-settings */ = {
			isa = PBXGroup;
			children = (
				A2080DC52F544F170064DD66 /* spec.md */,
			);
			path = "user-settings";
			sourceTree = "<group>";
		};
		A2080DC72F544F170064DD66 /* specs */ = {
			isa = PBXGroup;
			children = (
				A2080DC62F544F170064DD66 /* user-settings */,
			);
			path = specs;
			sourceTree = "<group>";
		};
		A2080DCC2F544F170064DD66 /* 2026-02-28-onboarding-settings-client */ = {
			isa = PBXGroup;
			children = (
				A2080DC72F544F170064DD66 /* specs */,
				A2080DC82F544F170064DD66 /* .openspec.yaml */,
				A2080DC92F544F170064DD66 /* design.md */,
				A2080DCA2F544F170064DD66 /* proposal.md */,
				A2080DCB2F544F170064DD66 /* tasks.md */,
			);
			path = "2026-02-28-onboarding-settings-client";
			sourceTree = "<group>";
		};
		A2080DCE2F544F170064DD66 /* analysis-ai-insights */ = {
			isa = PBXGroup;
			children = (
				A2080DCD2F544F170064DD66 /* spec.md */,
			);
			path = "analysis-ai-insights";
			sourceTree = "<group>";
		};
		A2080DD02F544F170064DD66 /* analysis-budgets */ = {
			isa = PBXGroup;
			children = (
				A2080DCF2F544F170064DD66 /* spec.md */,
			);
			path = "analysis-budgets";
			sourceTree = "<group>";
		};
		A2080DD22F544F170064DD66 /* analysis-charts */ = {
			isa = PBXGroup;
			children = (
				A2080DD12F544F170064DD66 /* spec.md */,
			);
			path = "analysis-charts";
			sourceTree = "<group>";
		};
		A2080DD42F544F170064DD66 /* analysis-dashboard */ = {
			isa = PBXGroup;
			children = (
				A2080DD32F544F170064DD66 /* spec.md */,
			);
			path = "analysis-dashboard";
			sourceTree = "<group>";
		};
		A2080DD52F544F170064DD66 /* specs */ = {
			isa = PBXGroup;
			children = (
				A2080DCE2F544F170064DD66 /* analysis-ai-insights */,
				A2080DD02F544F170064DD66 /* analysis-budgets */,
				A2080DD22F544F170064DD66 /* analysis-charts */,
				A2080DD42F544F170064DD66 /* analysis-dashboard */,
			);
			path = specs;
			sourceTree = "<group>";
		};
		A2080DDA2F544F170064DD66 /* 2026-03-01-implement-analysis-view */ = {
			isa = PBXGroup;
			children = (
				A2080DD52F544F170064DD66 /* specs */,
				A2080DD62F544F170064DD66 /* .openspec.yaml */,
				A2080DD72F544F170064DD66 /* design.md */,
				A2080DD82F544F170064DD66 /* proposal.md */,
				A2080DD92F544F170064DD66 /* tasks.md */,
			);
			path = "2026-03-01-implement-analysis-view";
			sourceTree = "<group>";
		};
		A2080DDB2F544F170064DD66 /* archive */ = {
			isa = PBXGroup;
			children = (
				A2080D572F544F170064DD66 /* 2026-02-14-define-architecture */,
				A2080D5E2F544F170064DD66 /* 2026-02-14-implement-design-system */,
				A2080D6A2F544F170064DD66 /* 2026-02-15-restructure-spm-modules */,
				A2080D742F544F170064DD66 /* 2026-02-19-design-launch-screen */,
				A2080D7B2F544F170064DD66 /* 2026-02-19-implement-design-system-components */,
				A2080D822F544F170064DD66 /* 2026-02-19-remove-custom-glass-button-style */,
				A2080D8C2F544F170064DD66 /* 2026-02-20-design-empty-states */,
				A2080D9A2F544F170064DD66 /* 2026-02-27-fix-domain-spec-alignment */,
				A2080DA82F544F170064DD66 /* 2026-02-27-implement-data-layer */,
				A2080DB22F544F170064DD66 /* 2026-02-28-add-main-tabbar */,
				A2080DBC2F544F170064DD66 /* 2026-02-28-add-root-feature-store */,
				A2080DC42F544F170064DD66 /* 2026-02-28-onboarding-flow-ui */,
				A2080DCC2F544F170064DD66 /* 2026-02-28-onboarding-settings-client */,
				A2080DDA2F544F170064DD66 /* 2026-03-01-implement-analysis-view */,
			);
			path = archive;
			sourceTree = "<group>";
		};
		A2080DDD2F544F170064DD66 /* feature-dashboard */ = {
			isa = PBXGroup;
			children = (
				A2080DDC2F544F170064DD66 /* spec.md */,
			);
			path = "feature-dashboard";
			sourceTree = "<group>";
		};
		A2080DDF2F544F170064DD66 /* screen-dashboard */ = {
			isa = PBXGroup;
			children = (
				A2080DDE2F544F170064DD66 /* spec.md */,
			);
			path = "screen-dashboard";
			sourceTree = "<group>";
		};
		A2080DE12F544F170064DD66 /* screen-main-navigation */ = {
			isa = PBXGroup;
			children = (
				A2080DE02F544F170064DD66 /* spec.md */,
			);
			path = "screen-main-navigation";
			sourceTree = "<group>";
		};
		A2080DE22F544F170064DD66 /* specs */ = {
			isa = PBXGroup;
			children = (
				A2080DDD2F544F170064DD66 /* feature-dashboard */,
				A2080DDF2F544F170064DD66 /* screen-dashboard */,
				A2080DE12F544F170064DD66 /* screen-main-navigation */,
			);
			path = specs;
			sourceTree = "<group>";
		};
		A2080DE72F544F170064DD66 /* implement-dashboard-feature */ = {
			isa = PBXGroup;
			children = (
				A2080DE22F544F170064DD66 /* specs */,
				A2080DE32F544F170064DD66 /* .openspec.yaml */,
				A2080DE42F544F170064DD66 /* design.md */,
				A2080DE52F544F170064DD66 /* proposal.md */,
				A2080DE62F544F170064DD66 /* tasks.md */,
			);
			path = "implement-dashboard-feature";
			sourceTree = "<group>";
		};
		A2080DE82F544F170064DD66 /* changes */ = {
			isa = PBXGroup;
			children = (
				A2080DDB2F544F170064DD66 /* archive */,
				A2080DE72F544F170064DD66 /* implement-dashboard-feature */,
			);
			path = changes;
			sourceTree = "<group>";
		};
		A2080DEA2F544F170064DD66 /* designs */ = {
			isa = PBXGroup;
			children = (
				A2080DE92F544F170064DD66 /* neuledger-design-system.pen */,
			);
			path = designs;
			sourceTree = "<group>";
		};
		A2080DFF2F544F170064DD66 /* specs */ = {
			isa = PBXGroup;
			children = (
				A2080DEB2F544F170064DD66 /* ai-integration.md */,
				A2080DEC2F544F170064DD66 /* app-feature-store.md */,
				A2080DED2F544F170064DD66 /* architecture-blueprint.md */,
				A2080DEE2F544F170064DD66 /* default-data-seeding.md */,
				A2080DEF2F544F170064DD66 /* design-audit.md */,
				A2080DF02F544F170064DD66 /* design-system.md */,
				A2080DF12F544F170064DD66 /* design-system-components.md */,
				A2080DF22F544F170064DD66 /* domain-data-mapping.md */,
				A2080DF32F544F170064DD66 /* domain-model.md */,
				A2080DF42F544F170064DD66 /* domain-unit-tests.md */,
				A2080DF52F544F170064DD66 /* feature-accounts.md */,
				A2080DF62F544F170064DD66 /* feature-budgets.md */,
				A2080DF72F544F170064DD66 /* feature-tags-categories.md */,
				A2080DF82F544F170064DD66 /* feature-transactions.md */,
				A2080DF92F544F170064DD66 /* live-client-implementations.md */,
				A2080DFA2F544F170064DD66 /* screen-analysis.md */,
				A2080DFB2F544F170064DD66 /* screen-main-navigation.md */,
				A2080DFC2F544F170064DD66 /* screen-onboarding.md */,
				A2080DFD2F544F170064DD66 /* screen-settings.md */,
				A2080DFE2F544F170064DD66 /* swiftdata-persistence.md */,
			);
			path = specs;
			sourceTree = "<group>";
		};
		A2080E012F544F170064DD66 /* openspec */ = {
			isa = PBXGroup;
			children = (
				A2080DE82F544F170064DD66 /* changes */,
				A2080DEA2F544F170064DD66 /* designs */,
				A2080DFF2F544F170064DD66 /* specs */,
				A2080E002F544F170064DD66 /* config.yaml */,
			);
			path = openspec;
			sourceTree = "<group>";
		};
		A249D8A92F418C2000CBA03D /* Frameworks */ = {
			isa = PBXGroup;
			children = (
			);
			name = Frameworks;
			sourceTree = "<group>";
		};
		A24BD4702F3B34480046D6A4 = {
			isa = PBXGroup;
			children = (
				A249D8A82F418AC300CBA03D /* Features */,
				A24BD47B2F3B34480046D6A4 /* NeuLedger */,
				A249D8A92F418C2000CBA03D /* Frameworks */,
				A24BD47A2F3B34480046D6A4 /* Products */,
				A2080E012F544F170064DD66 /* openspec */,
			);
			sourceTree = "<group>";
		};
		A24BD47A2F3B34480046D6A4 /* Products */ = {
			isa = PBXGroup;
			children = (
				A24BD4792F3B34480046D6A4 /* NeuLedger.app */,
			);
			name = Products;
			sourceTree = "<group>";
		};
/* End PBXGroup section */

/* Begin PBXNativeTarget section */
		A24BD4782F3B34480046D6A4 /* NeuLedger */ = {
			isa = PBXNativeTarget;
			buildConfigurationList = A24BD49D2F3B344A0046D6A4 /* Build configuration list for PBXNativeTarget "NeuLedger" */;
			buildPhases = (
				A24BD4752F3B34480046D6A4 /* Sources */,
				A24BD4762F3B34480046D6A4 /* Frameworks */,
				A24BD4772F3B34480046D6A4 /* Resources */,
			);
			buildRules = (
			);
			dependencies = (
			);
			fileSystemSynchronizedGroups = (
				A24BD47B2F3B34480046D6A4 /* NeuLedger */,
			);
			name = NeuLedger;
			packageProductDependencies = (
				A249D8AE2F418E0E00CBA03D /* Features */,
				BA24DB8E2F418E0E00CBA03D /* Core */,
			);
			productName = NeuLedger;
			productReference = A24BD4792F3B34480046D6A4 /* NeuLedger.app */;
			productType = "com.apple.product-type.application";
		};
/* End PBXNativeTarget section */

/* Begin PBXProject section */
		A24BD4712F3B34480046D6A4 /* Project object */ = {
			isa = PBXProject;
			attributes = {
				BuildIndependentTargetsInParallel = 1;
				LastSwiftUpdateCheck = 2630;
				LastUpgradeCheck = 2630;
				TargetAttributes = {
					A24BD4782F3B34480046D6A4 = {
						CreatedOnToolsVersion = 26.3;
						LastSwiftMigration = 2630;
					};
				};
			};
			buildConfigurationList = A24BD4742F3B34480046D6A4 /* Build configuration list for PBXProject "NeuLedger" */;
			developmentRegion = en;
			hasScannedForEncodings = 0;
			knownRegions = (
				en,
				Base,
				"zh-Hant",
			);
			mainGroup = A24BD4702F3B34480046D6A4;
			minimizedProjectReferenceProxies = 1;
			packageReferences = (
				BA24DB8D2F418E0E00CBA03D /* XCLocalSwiftPackageReference "Features" */,
			);
			preferredProjectObjectVersion = 77;
			productRefGroup = A24BD47A2F3B34480046D6A4 /* Products */;
			projectDirPath = "";
			projectRoot = "";
			targets = (
				A24BD4782F3B34480046D6A4 /* NeuLedger */,
			);
		};
/* End PBXProject section */

/* Begin PBXResourcesBuildPhase section */
		A24BD4772F3B34480046D6A4 /* Resources */ = {
			isa = PBXResourcesBuildPhase;
			buildActionMask = 2147483647;
			files = (
				A2080E022F544F170064DD66 /* feature-budgets.md in Resources */,
				A2080E032F544F170064DD66 /* proposal.md in Resources */,
				A2080E042F544F170064DD66 /* spec.md in Resources */,
				A2080E052F544F170064DD66 /* feature-accounts.md in Resources */,
				A2080E062F544F170064DD66 /* .openspec.yaml in Resources */,
				A2080E072F544F170064DD66 /* spec.md in Resources */,
				A2080E082F544F170064DD66 /* screen-analysis.md in Resources */,
				A2080E092F544F170064DD66 /* spec.md in Resources */,
				A2080E0A2F544F170064DD66 /* tasks.md in Resources */,
				A2080E0B2F544F170064DD66 /* spec.md in Resources */,
				A2080E0C2F544F170064DD66 /* tasks.md in Resources */,
				A2080E0D2F544F170064DD66 /* design.md in Resources */,
				A2080E0E2F544F170064DD66 /* proposal.md in Resources */,
				A2080E0F2F544F170064DD66 /* design.md in Resources */,
				A2080E102F544F170064DD66 /* spec.md in Resources */,
				A2080E112F544F170064DD66 /* spec.md in Resources */,
				A2080E122F544F170064DD66 /* design-system.md in Resources */,
				A2080E132F544F170064DD66 /* .openspec.yaml in Resources */,
				A2080E142F544F170064DD66 /* proposal.md in Resources */,
				A2080E152F544F170064DD66 /* design.md in Resources */,
				A2080E162F544F170064DD66 /* proposal.md in Resources */,
				A2080E172F544F170064DD66 /* spec.md in Resources */,
				A2080E182F544F170064DD66 /* proposal.md in Resources */,
				A2080E192F544F170064DD66 /* proposal.md in Resources */,
				A2080E1A2F544F170064DD66 /* spec.md in Resources */,
				A2080E1B2F544F170064DD66 /* tasks.md in Resources */,
				A2080E1C2F544F170064DD66 /* spec.md in Resources */,
				A2080E1D2F544F170064DD66 /* tasks.md in Resources */,
				A2080E1E2F544F170064DD66 /* architecture-blueprint.md in Resources */,
				A2080E1F2F544F170064DD66 /* .openspec.yaml in Resources */,
				A2080E202F544F170064DD66 /* tasks.md in Resources */,
				A2080E212F544F170064DD66 /* .openspec.yaml in Resources */,
				A2080E222F544F170064DD66 /* design-audit.md in Resources */,
				A2080E232F544F170064DD66 /* ai-integration.md in Resources */,
				A2080E242F544F170064DD66 /* design.md in Resources */,
				A2080E252F544F170064DD66 /* spec.md in Resources */,
				A2080E262F544F170064DD66 /* proposal.md in Resources */,
				A2080E272F544F170064DD66 /* .openspec.yaml in Resources */,
				A2080E282F544F170064DD66 /* proposal.md in Resources */,
				A2080E292F544F170064DD66 /* tasks.md in Resources */,
				A2080E2A2F544F170064DD66 /* .openspec.yaml in Resources */,
				A2080E2B2F544F170064DD66 /* design.md in Resources */,
				A2080E2C2F544F170064DD66 /* tasks.md in Resources */,
				A2080E2D2F544F170064DD66 /* spec.md in Resources */,
				A2080E2E2F544F170064DD66 /* tasks.md in Resources */,
				A2080E2F2F544F170064DD66 /* design.md in Resources */,
				A2080E302F544F170064DD66 /* spec.md in Resources */,
				A2080E312F544F170064DD66 /* spec.md in Resources */,
				A2080E322F544F170064DD66 /* .openspec.yaml in Resources */,
				A2080E332F544F170064DD66 /* spec.md in Resources */,
				A2080E342F544F170064DD66 /* spec.md in Resources */,
				A2080E352F544F170064DD66 /* tasks.md in Resources */,
				A2080E362F544F170064DD66 /* default-data-seeding.md in Resources */,
				A2080E372F544F170064DD66 /* spec.md in Resources */,
				A2080E382F544F170064DD66 /* spec.md in Resources */,
				A2080E392F544F170064DD66 /* design.md in Resources */,
				A2080E3A2F544F170064DD66 /* tasks.md in Resources */,
				A2080E3B2F544F170064DD66 /* spec.md in Resources */,
				A2080E3C2F544F170064DD66 /* proposal.md in Resources */,
				A2080E3D2F544F170064DD66 /* .openspec.yaml in Resources */,
				A2080E3E2F544F170064DD66 /* spec.md in Resources */,
				A2080E3F2F544F170064DD66 /* spec.md in Resources */,
				A2080E402F544F170064DD66 /* design.md in Resources */,
				A2080E412F544F170064DD66 /* design.md in Resources */,
				A2080E422F544F170064DD66 /* feature-tags-categories.md in Resources */,
				A2080E432F544F170064DD66 /* swiftdata-persistence.md in Resources */,
				A2080E442F544F170064DD66 /* spec.md in Resources */,
				A2080E452F544F170064DD66 /* tasks.md in Resources */,
				A2080E462F544F170064DD66 /* spec.md in Resources */,
				A2080E472F544F170064DD66 /* screen-onboarding.md in Resources */,
				A2080E482F544F170064DD66 /* design.md in Resources */,
				A2080E492F544F170064DD66 /* design.md in Resources */,
				A2080E4A2F544F170064DD66 /* design.md in Resources */,
				A2080E4B2F544F170064DD66 /* tasks.md in Resources */,
				A2080E4C2F544F170064DD66 /* .openspec.yaml in Resources */,
				A2080E4D2F544F170064DD66 /* proposal.md in Resources */,
				A2080E4E2F544F170064DD66 /* design.md in Resources */,
				A2080E4F2F544F170064DD66 /* spec.md in Resources */,
				A2080E502F544F170064DD66 /* tasks.md in Resources */,
				A2080E512F544F170064DD66 /* domain-model.md in Resources */,
				A2080E522F544F170064DD66 /* screen-settings.md in Resources */,
				A2080E532F544F170064DD66 /* screen-main-navigation.md in Resources */,
				A2080E542F544F170064DD66 /* proposal.md in Resources */,
				A2080E552F544F170064DD66 /* proposal.md in Resources */,
				A2080E562F544F170064DD66 /* spec.md in Resources */,
				A2080E572F544F170064DD66 /* proposal.md in Resources */,
				A2080E582F544F170064DD66 /* .openspec.yaml in Resources */,
				A2080E592F544F170064DD66 /* feature-transactions.md in Resources */,
				A2080E5A2F544F170064DD66 /* spec.md in Resources */,
				A2080E5B2F544F170064DD66 /* live-client-implementations.md in Resources */,
				A2080E5C2F544F170064DD66 /* design.md in Resources */,
				A2080E5D2F544F170064DD66 /* spec.md in Resources */,
				A2080E5E2F544F170064DD66 /* .openspec.yaml in Resources */,
				A2080E5F2F544F170064DD66 /* proposal.md in Resources */,
				A2080E602F544F170064DD66 /* spec.md in Resources */,
				A2080E612F544F170064DD66 /* proposal.md in Resources */,
				A2080E622F544F170064DD66 /* design.md in Resources */,
				A2080E632F544F170064DD66 /* .openspec.yaml in Resources */,
				A2080E642F544F170064DD66 /* neuledger-design-system.pen in Resources */,
				A2080E652F544F170064DD66 /* spec.md in Resources */,
				A2080E662F544F170064DD66 /* spec.md in Resources */,
				A2080E672F544F170064DD66 /* design-system-components.md in Resources */,
				A2080E682F544F170064DD66 /* spec.md in Resources */,
				A2080E692F544F170064DD66 /* tasks.md in Resources */,
				A2080E6A2F544F170064DD66 /* spec.md in Resources */,
				A2080E6B2F544F170064DD66 /* spec.md in Resources */,
				A2080E6C2F544F170064DD66 /* spec.md in Resources */,
				A2080E6D2F544F170064DD66 /* domain-unit-tests.md in Resources */,
				A2080E6E2F544F170064DD66 /* domain-data-mapping.md in Resources */,
				A2080E6F2F544F170064DD66 /* config.yaml in Resources */,
				A2080E702F544F170064DD66 /* tasks.md in Resources */,
				A2080E712F544F170064DD66 /* spec.md in Resources */,
				A2080E722F544F170064DD66 /* app-feature-store.md in Resources */,
				A2080E732F544F170064DD66 /* spec.md in Resources */,
				A2080E742F544F170064DD66 /* spec.md in Resources */,
			);
			runOnlyForDeploymentPostprocessing = 0;
		};
/* End PBXResourcesBuildPhase section */

/* Begin PBXSourcesBuildPhase section */
		A24BD4752F3B34480046D6A4 /* Sources */ = {
			isa = PBXSourcesBuildPhase;
			buildActionMask = 2147483647;
			files = (
			);
			runOnlyForDeploymentPostprocessing = 0;
		};
/* End PBXSourcesBuildPhase section */

/* Begin XCBuildConfiguration section */
		A24BD49E2F3B344A0046D6A4 /* Debug */ = {
			isa = XCBuildConfiguration;
			buildSettings = {
				ASSETCATALOG_COMPILER_APPICON_NAME = AppIcon;
				ASSETCATALOG_COMPILER_GLOBAL_ACCENT_COLOR_NAME = AccentColor;
				CLANG_ENABLE_MODULES = YES;
				CODE_SIGN_ENTITLEMENTS = NeuLedger/NeuLedger.entitlements;
				CODE_SIGN_STYLE = Automatic;
				CURRENT_PROJECT_VERSION = 1;
				DEVELOPMENT_TEAM = GVHFFWK64F;
				ENABLE_PREVIEWS = YES;
				GENERATE_INFOPLIST_FILE = NO;
				INFOPLIST_FILE = NeuLedger/Info.plist;
				INFOPLIST_KEY_UIApplicationSceneManifest_Generation = YES;
				INFOPLIST_KEY_UIApplicationSupportsIndirectInputEvents = YES;
				INFOPLIST_KEY_UILaunchScreen_Generation = YES;
				INFOPLIST_KEY_UISupportedInterfaceOrientations_iPad = "UIInterfaceOrientationPortrait UIInterfaceOrientationPortraitUpsideDown UIInterfaceOrientationLandscapeLeft UIInterfaceOrientationLandscapeRight";
				INFOPLIST_KEY_UISupportedInterfaceOrientations_iPhone = "UIInterfaceOrientationPortrait UIInterfaceOrientationLandscapeLeft UIInterfaceOrientationLandscapeRight";
				IPHONEOS_DEPLOYMENT_TARGET = 26.0;
				LD_RUNPATH_SEARCH_PATHS = (
					"$(inherited)",
					"@executable_path/Frameworks",
				);
				MARKETING_VERSION = 1.0;
				PRODUCT_BUNDLE_IDENTIFIER = com.drake.NeuLedger;
				PRODUCT_NAME = "$(TARGET_NAME)";
				STRING_CATALOG_GENERATE_SYMBOLS = YES;
				SUPPORTED_PLATFORMS = "iphoneos iphonesimulator";
				SUPPORTS_MACCATALYST = NO;
				SUPPORTS_MAC_DESIGNED_FOR_IPHONE_IPAD = NO;
				SUPPORTS_XR_DESIGNED_FOR_IPHONE_IPAD = NO;
				SWIFT_APPROACHABLE_CONCURRENCY = YES;
				SWIFT_DEFAULT_ACTOR_ISOLATION = MainActor;
				SWIFT_EMIT_LOC_STRINGS = YES;
				SWIFT_OPTIMIZATION_LEVEL = "-Onone";
				SWIFT_UPCOMING_FEATURE_MEMBER_IMPORT_VISIBILITY = YES;
				SWIFT_VERSION = 5.0;
				TARGETED_DEVICE_FAMILY = 1;
			};
			name = Debug;
		};
		A24BD49F2F3B344A0046D6A4 /* Release */ = {
			isa = XCBuildConfiguration;
			buildSettings = {
				ASSETCATALOG_COMPILER_APPICON_NAME = AppIcon;
				ASSETCATALOG_COMPILER_GLOBAL_ACCENT_COLOR_NAME = AccentColor;
				CLANG_ENABLE_MODULES = YES;
				CODE_SIGN_ENTITLEMENTS = NeuLedger/NeuLedger.entitlements;
				CODE_SIGN_STYLE = Automatic;
				CURRENT_PROJECT_VERSION = 1;
				DEVELOPMENT_TEAM = GVHFFWK64F;
				ENABLE_PREVIEWS = YES;
				GENERATE_INFOPLIST_FILE = NO;
				INFOPLIST_FILE = NeuLedger/Info.plist;
				INFOPLIST_KEY_UIApplicationSceneManifest_Generation = YES;
				INFOPLIST_KEY_UIApplicationSupportsIndirectInputEvents = YES;
				INFOPLIST_KEY_UILaunchScreen_Generation = YES;
				INFOPLIST_KEY_UISupportedInterfaceOrientations_iPad = "UIInterfaceOrientationPortrait UIInterfaceOrientationPortraitUpsideDown UIInterfaceOrientationLandscapeLeft UIInterfaceOrientationLandscapeRight";
				INFOPLIST_KEY_UISupportedInterfaceOrientations_iPhone = "UIInterfaceOrientationPortrait UIInterfaceOrientationLandscapeLeft UIInterfaceOrientationLandscapeRight";
				IPHONEOS_DEPLOYMENT_TARGET = 26.0;
				LD_RUNPATH_SEARCH_PATHS = (
					"$(inherited)",
					"@executable_path/Frameworks",
				);
				MARKETING_VERSION = 1.0;
				PRODUCT_BUNDLE_IDENTIFIER = com.drake.NeuLedger;
				PRODUCT_NAME = "$(TARGET_NAME)";
				STRING_CATALOG_GENERATE_SYMBOLS = YES;
				SUPPORTED_PLATFORMS = "iphoneos iphonesimulator";
				SUPPORTS_MACCATALYST = NO;
				SUPPORTS_MAC_DESIGNED_FOR_IPHONE_IPAD = NO;
				SUPPORTS_XR_DESIGNED_FOR_IPHONE_IPAD = NO;
				SWIFT_APPROACHABLE_CONCURRENCY = YES;
				SWIFT_DEFAULT_ACTOR_ISOLATION = MainActor;
				SWIFT_EMIT_LOC_STRINGS = YES;
				SWIFT_UPCOMING_FEATURE_MEMBER_IMPORT_VISIBILITY = YES;
				SWIFT_VERSION = 5.0;
				TARGETED_DEVICE_FAMILY = 1;
			};
			name = Release;
		};
		A24BD4A02F3B344A0046D6A4 /* Debug */ = {
			isa = XCBuildConfiguration;
			buildSettings = {
				ALWAYS_SEARCH_USER_PATHS = NO;
				ASSETCATALOG_COMPILER_GENERATE_SWIFT_ASSET_SYMBOL_EXTENSIONS = YES;
				CLANG_ANALYZER_NONNULL = YES;
				CLANG_ANALYZER_NUMBER_OBJECT_CONVERSION = YES_AGGRESSIVE;
				CLANG_CXX_LANGUAGE_STANDARD = "gnu++20";
				CLANG_ENABLE_MODULES = YES;
				CLANG_ENABLE_OBJC_ARC = YES;
				CLANG_ENABLE_OBJC_WEAK = YES;
				CLANG_WARN_BLOCK_CAPTURE_AUTORELEASING = YES;
				CLANG_WARN_BOOL_CONVERSION = YES;
				CLANG_WARN_COMMA = YES;
				CLANG_WARN_CONSTANT_CONVERSION = YES;
				CLANG_WARN_DEPRECATED_OBJC_IMPLEMENTATIONS = YES;
				CLANG_WARN_DIRECT_OBJC_ISA_USAGE = YES_ERROR;
				CLANG_WARN_DOCUMENTATION_COMMENTS = YES;
				CLANG_WARN_EMPTY_BODY = YES;
				CLANG_WARN_ENUM_CONVERSION = YES;
				CLANG_WARN_INFINITE_RECURSION = YES;
				CLANG_WARN_INT_CONVERSION = YES;
				CLANG_WARN_NON_LITERAL_NULL_CONVERSION = YES;
				CLANG_WARN_OBJC_IMPLICIT_RETAIN_SELF = YES;
				CLANG_WARN_OBJC_LITERAL_CONVERSION = YES;
				CLANG_WARN_OBJC_ROOT_CLASS = YES_ERROR;
				CLANG_WARN_QUOTED_INCLUDE_IN_FRAMEWORK_HEADER = YES;
				CLANG_WARN_RANGE_LOOP_ANALYSIS = YES;
				CLANG_WARN_STRICT_PROTOTYPES = YES;
				CLANG_WARN_SUSPICIOUS_MOVE = YES;
				CLANG_WARN_UNGUARDED_AVAILABILITY = YES_AGGRESSIVE;
				CLANG_WARN_UNREACHABLE_CODE = YES;
				CLANG_WARN__DUPLICATE_METHOD_MATCH = YES;
				COPY_PHASE_STRIP = NO;
				DEBUG_INFORMATION_FORMAT = dwarf;
				DEVELOPMENT_TEAM = GVHFFWK64F;
				ENABLE_STRICT_OBJC_MSGSEND = YES;
				ENABLE_TESTABILITY = YES;
				ENABLE_USER_SCRIPT_SANDBOXING = YES;
				GCC_C_LANGUAGE_STANDARD = gnu17;
				GCC_DYNAMIC_NO_PIC = NO;
				GCC_NO_COMMON_BLOCKS = YES;
				GCC_OPTIMIZATION_LEVEL = 0;
				GCC_PREPROCESSOR_DEFINITIONS = (
					"DEBUG=1",
					"$(inherited)",
				);
				GCC_WARN_64_TO_32_BIT_CONVERSION = YES;
				GCC_WARN_ABOUT_RETURN_TYPE = YES_ERROR;
				GCC_WARN_UNDECLARED_SELECTOR = YES;
				GCC_WARN_UNINITIALIZED_AUTOS = YES_AGGRESSIVE;
				GCC_WARN_UNUSED_FUNCTION = YES;
				GCC_WARN_UNUSED_VARIABLE = YES;
				IPHONEOS_DEPLOYMENT_TARGET = 26.2;
				LOCALIZATION_PREFERS_STRING_CATALOGS = YES;
				MTL_ENABLE_DEBUG_INFO = INCLUDE_SOURCE;
				MTL_FAST_MATH = YES;
				ONLY_ACTIVE_ARCH = YES;
				SDKROOT = iphoneos;
				SWIFT_ACTIVE_COMPILATION_CONDITIONS = "DEBUG $(inherited)";
				SWIFT_OPTIMIZATION_LEVEL = "-Onone";
			};
			name = Debug;
		};
		A24BD4A12F3B344A0046D6A4 /* Release */ = {
			isa = XCBuildConfiguration;
			buildSettings = {
				ALWAYS_SEARCH_USER_PATHS = NO;
				ASSETCATALOG_COMPILER_GENERATE_SWIFT_ASSET_SYMBOL_EXTENSIONS = YES;
				CLANG_ANALYZER_NONNULL = YES;
				CLANG_ANALYZER_NUMBER_OBJECT_CONVERSION = YES_AGGRESSIVE;
				CLANG_CXX_LANGUAGE_STANDARD = "gnu++20";
				CLANG_ENABLE_MODULES = YES;
				CLANG_ENABLE_OBJC_ARC = YES;
				CLANG_ENABLE_OBJC_WEAK = YES;
				CLANG_WARN_BLOCK_CAPTURE_AUTORELEASING = YES;
				CLANG_WARN_BOOL_CONVERSION = YES;
				CLANG_WARN_COMMA = YES;
				CLANG_WARN_CONSTANT_CONVERSION = YES;
				CLANG_WARN_DEPRECATED_OBJC_IMPLEMENTATIONS = YES;
				CLANG_WARN_DIRECT_OBJC_ISA_USAGE = YES_ERROR;
				CLANG_WARN_DOCUMENTATION_COMMENTS = YES;
				CLANG_WARN_EMPTY_BODY = YES;
				CLANG_WARN_ENUM_CONVERSION = YES;
				CLANG_WARN_INFINITE_RECURSION = YES;
				CLANG_WARN_INT_CONVERSION = YES;
				CLANG_WARN_NON_LITERAL_NULL_CONVERSION = YES;
				CLANG_WARN_OBJC_IMPLICIT_RETAIN_SELF = YES;
				CLANG_WARN_OBJC_LITERAL_CONVERSION = YES;
				CLANG_WARN_OBJC_ROOT_CLASS = YES_ERROR;
				CLANG_WARN_QUOTED_INCLUDE_IN_FRAMEWORK_HEADER = YES;
				CLANG_WARN_RANGE_LOOP_ANALYSIS = YES;
				CLANG_WARN_STRICT_PROTOTYPES = YES;
				CLANG_WARN_SUSPICIOUS_MOVE = YES;
				CLANG_WARN_UNGUARDED_AVAILABILITY = YES_AGGRESSIVE;
				CLANG_WARN_UNREACHABLE_CODE = YES;
				CLANG_WARN__DUPLICATE_METHOD_MATCH = YES;
				COPY_PHASE_STRIP = NO;
				DEBUG_INFORMATION_FORMAT = "dwarf-with-dsym";
				DEVELOPMENT_TEAM = GVHFFWK64F;
				ENABLE_NS_ASSERTIONS = NO;
				ENABLE_STRICT_OBJC_MSGSEND = YES;
				ENABLE_USER_SCRIPT_SANDBOXING = YES;
				GCC_C_LANGUAGE_STANDARD = gnu17;
				GCC_NO_COMMON_BLOCKS = YES;
				GCC_WARN_64_TO_32_BIT_CONVERSION = YES;
				GCC_WARN_ABOUT_RETURN_TYPE = YES_ERROR;
				GCC_WARN_UNDECLARED_SELECTOR = YES;
				GCC_WARN_UNINITIALIZED_AUTOS = YES_AGGRESSIVE;
				GCC_WARN_UNUSED_FUNCTION = YES;
				GCC_WARN_UNUSED_VARIABLE = YES;
				IPHONEOS_DEPLOYMENT_TARGET = 26.2;
				LOCALIZATION_PREFERS_STRING_CATALOGS = YES;
				MTL_ENABLE_DEBUG_INFO = NO;
				MTL_FAST_MATH = YES;
				SDKROOT = iphoneos;
				SWIFT_COMPILATION_MODE = wholemodule;
				VALIDATE_PRODUCT = YES;
			};
			name = Release;
		};
/* End XCBuildConfiguration section */

/* Begin XCConfigurationList section */
		A24BD4742F3B34480046D6A4 /* Build configuration list for PBXProject "NeuLedger" */ = {
			isa = XCConfigurationList;
			buildConfigurations = (
				A24BD4A02F3B344A0046D6A4 /* Debug */,
				A24BD4A12F3B344A0046D6A4 /* Release */,
			);
			defaultConfigurationIsVisible = 0;
			defaultConfigurationName = Release;
		};
		A24BD49D2F3B344A0046D6A4 /* Build configuration list for PBXNativeTarget "NeuLedger" */ = {
			isa = XCConfigurationList;
			buildConfigurations = (
				A24BD49E2F3B344A0046D6A4 /* Debug */,
				A24BD49F2F3B344A0046D6A4 /* Release */,
			);
			defaultConfigurationIsVisible = 0;
			defaultConfigurationName = Release;
		};
/* End XCConfigurationList section */

/* Begin XCLocalSwiftPackageReference section */
		BA24DB8D2F418E0E00CBA03D /* XCLocalSwiftPackageReference "Features" */ = {
			isa = XCLocalSwiftPackageReference;
			relativePath = Features;
		};
/* End XCLocalSwiftPackageReference section */

/* Begin XCSwiftPackageProductDependency section */
		A249D8AE2F418E0E00CBA03D /* Features */ = {
			isa = XCSwiftPackageProductDependency;
			package = BA24DB8D2F418E0E00CBA03D /* XCLocalSwiftPackageReference "Features" */;
			productName = Features;
		};
		BA24DB8E2F418E0E00CBA03D /* Core */ = {
			isa = XCSwiftPackageProductDependency;
			package = BA24DB8D2F418E0E00CBA03D /* XCLocalSwiftPackageReference "Features" */;
			productName = Core;
		};
/* End XCSwiftPackageProductDependency section */
	};
	rootObject = A24BD4712F3B34480046D6A4 /* Project object */;
}
